
Microsoft Visual Studio Solution File, Format Version 12.00
Project("{FAE04EC0-301F-11D3-BF4B-00C04F79EFBC}") = "Domain", "Domain\Domain.csproj", "{EAA9874A-F0F2-41BD-A50D-BDEF652A5D49}"
EndProject
Project("{FAE04EC0-301F-11D3-BF4B-00C04F79EFBC}") = "Application", "Application\Application.csproj", "{E3556896-3256-474F-A777-1D00A0C6C3A2}"
EndProject
Project("{2150E333-8FDC-42A3-9474-1A3956D46DE8}") = "Src", "Src", "{54944C88-6FBC-40E5-9F4C-69D77866FBE8}"
EndProject
Project("{2150E333-8FDC-42A3-9474-1A3956D46DE8}") = "Core", "Core", "{C0A44615-5EAB-4862-9AEE-C590662B28EE}"
EndProject
Project("{2150E333-8FDC-42A3-9474-1A3956D46DE8}") = "Infrastructure", "Infrastructure", "{7DE5E006-5F1A-486A-BEAC-F1E5F2B9740D}"
EndProject
Project("{2150E333-8FDC-42A3-9474-1A3956D46DE8}") = "Presenter", "Presenter", "{FDC93C1B-5C9C-4D5D-8AA8-28616482D028}"
EndProject
Project("{FAE04EC0-301F-11D3-BF4B-00C04F79EFBC}") = "WebUi", "WebUi\WebUi.csproj", "{80A4495F-A2CB-4649-AE5B-F99F20D01545}"
EndProject
Project("{FAE04EC0-301F-11D3-BF4B-00C04F79EFBC}") = "Persistence", "Persistence\Persistence.csproj", "{F5D6683A-C599-4025-9919-EA245B02D62A}"
EndProject
Project("{2150E333-8FDC-42A3-9474-1A3956D46DE8}") = "Solution Items", "Solution Items", "{4A6B6D12-D754-493A-B087-4AE3416D77DA}"
EndProject
Project("{FAE04EC0-301F-11D3-BF4B-00C04F79EFBC}") = "Infrastructure", "Infrastructure\Infrastructure.csproj", "{96F34DFA-6277-466A-9E1C-B07E3FD9CE69}"
EndProject
Project("{2150E333-8FDC-42A3-9474-1A3956D46DE8}") = "Utils", "Utils", "{440B6854-9A12-43B9-B489-3295A6D2E161}"
EndProject
Project("{FAE04EC0-301F-11D3-BF4B-00C04F79EFBC}") = "TypeScriptDictsFromEnumsGenerator", "TypeScriptDictsFromEnumsGenerator\TypeScriptDictsFromEnumsGenerator.csproj", "{342930EB-D0B2-4F17-BAF1-19E4326ABD8E}"
EndProject
Global
	GlobalSection(SolutionConfigurationPlatforms) = preSolution
		Debug|Any CPU = Debug|Any CPU
		Release|Any CPU = Release|Any CPU
	EndGlobalSection
	GlobalSection(ProjectConfigurationPlatforms) = postSolution
		{EAA9874A-F0F2-41BD-A50D-BDEF652A5D49}.Debug|Any CPU.ActiveCfg = Debug|Any CPU
		{EAA9874A-F0F2-41BD-A50D-BDEF652A5D49}.Debug|Any CPU.Build.0 = Debug|Any CPU
		{EAA9874A-F0F2-41BD-A50D-BDEF652A5D49}.Release|Any CPU.ActiveCfg = Release|Any CPU
		{EAA9874A-F0F2-41BD-A50D-BDEF652A5D49}.Release|Any CPU.Build.0 = Release|Any CPU
		{E3556896-3256-474F-A777-1D00A0C6C3A2}.Debug|Any CPU.ActiveCfg = Debug|Any CPU
		{E3556896-3256-474F-A777-1D00A0C6C3A2}.Debug|Any CPU.Build.0 = Debug|Any CPU
		{E3556896-3256-474F-A777-1D00A0C6C3A2}.Release|Any CPU.ActiveCfg = Release|Any CPU
		{E3556896-3256-474F-A777-1D00A0C6C3A2}.Release|Any CPU.Build.0 = Release|Any CPU
		{80A4495F-A2CB-4649-AE5B-F99F20D01545}.Debug|Any CPU.ActiveCfg = Debug|Any CPU
		{80A4495F-A2CB-4649-AE5B-F99F20D01545}.Debug|Any CPU.Build.0 = Debug|Any CPU
		{80A4495F-A2CB-4649-AE5B-F99F20D01545}.Release|Any CPU.ActiveCfg = Release|Any CPU
		{80A4495F-A2CB-4649-AE5B-F99F20D01545}.Release|Any CPU.Build.0 = Release|Any CPU
		{F5D6683A-C599-4025-9919-EA245B02D62A}.Debug|Any CPU.ActiveCfg = Debug|Any CPU
		{F5D6683A-C599-4025-9919-EA245B02D62A}.Debug|Any CPU.Build.0 = Debug|Any CPU
		{F5D6683A-C599-4025-9919-EA245B02D62A}.Release|Any CPU.ActiveCfg = Release|Any CPU
		{F5D6683A-C599-4025-9919-EA245B02D62A}.Release|Any CPU.Build.0 = Release|Any CPU
		{96F34DFA-6277-466A-9E1C-B07E3FD9CE69}.Debug|Any CPU.ActiveCfg = Debug|Any CPU
		{96F34DFA-6277-466A-9E1C-B07E3FD9CE69}.Debug|Any CPU.Build.0 = Debug|Any CPU
		{96F34DFA-6277-466A-9E1C-B07E3FD9CE69}.Release|Any CPU.ActiveCfg = Release|Any CPU
		{96F34DFA-6277-466A-9E1C-B07E3FD9CE69}.Release|Any CPU.Build.0 = Release|Any CPU
		{342930EB-D0B2-4F17-BAF1-19E4326ABD8E}.Debug|Any CPU.ActiveCfg = Debug|Any CPU
		{342930EB-D0B2-4F17-BAF1-19E4326ABD8E}.Debug|Any CPU.Build.0 = Debug|Any CPU
		{342930EB-D0B2-4F17-BAF1-19E4326ABD8E}.Release|Any CPU.ActiveCfg = Release|Any CPU
		{342930EB-D0B2-4F17-BAF1-19E4326ABD8E}.Release|Any CPU.Build.0 = Release|Any CPU
	EndGlobalSection
	GlobalSection(NestedProjects) = preSolution
		{C0A44615-5EAB-4862-9AEE-C590662B28EE} = {54944C88-6FBC-40E5-9F4C-69D77866FBE8}
		{E3556896-3256-474F-A777-1D00A0C6C3A2} = {C0A44615-5EAB-4862-9AEE-C590662B28EE}
		{EAA9874A-F0F2-41BD-A50D-BDEF652A5D49} = {C0A44615-5EAB-4862-9AEE-C590662B28EE}
		{7DE5E006-5F1A-486A-BEAC-F1E5F2B9740D} = {54944C88-6FBC-40E5-9F4C-69D77866FBE8}
		{FDC93C1B-5C9C-4D5D-8AA8-28616482D028} = {54944C88-6FBC-40E5-9F4C-69D77866FBE8}
		{80A4495F-A2CB-4649-AE5B-F99F20D01545} = {FDC93C1B-5C9C-4D5D-8AA8-28616482D028}
		{F5D6683A-C599-4025-9919-EA245B02D62A} = {7DE5E006-5F1A-486A-BEAC-F1E5F2B9740D}
		{96F34DFA-6277-466A-9E1C-B07E3FD9CE69} = {7DE5E006-5F1A-486A-BEAC-F1E5F2B9740D}
		{440B6854-9A12-43B9-B489-3295A6D2E161} = {54944C88-6FBC-40E5-9F4C-69D77866FBE8}
		{342930EB-D0B2-4F17-BAF1-19E4326ABD8E} = {440B6854-9A12-43B9-B489-3295A6D2E161}
	EndGlobalSection
EndGlobal
